
Microsoft Visual Studio Solution File, Format Version 12.00
# Visual Studio 15
VisualStudioVersion = 15.0.28010.2041
MinimumVisualStudioVersion = 10.0.40219.1
Project("{8BC9CEB8-8B4A-11D0-8D11-00A0C91BC942}") = "Core", "Core\UmiEngine.vcxproj", "{573665CD-12DA-4A64-BA14-23E2D50FBE15}"
EndProject
Project("{8BC9CEB8-8B4A-11D0-8D11-00A0C91BC942}") = "Sample", "Sample\Sample.vcxproj", "{061525D2-F2B6-4BB9-A5E2-B44CD1B3A5C6}"
	ProjectSection(ProjectDependencies) = postProject
		{573665CD-12DA-4A64-BA14-23E2D50FBE15} = {573665CD-12DA-4A64-BA14-23E2D50FBE15}
	EndProjectSection
EndProject
Global
	GlobalSection(SolutionConfigurationPlatforms) = preSolution
		Debug|x64 = Debug|x64
		Debug|x86 = Debug|x86
		Release|x64 = Release|x64
		Release|x86 = Release|x86
	EndGlobalSection
	GlobalSection(ProjectConfigurationPlatforms) = postSolution
		{573665CD-12DA-4A64-BA14-23E2D50FBE15}.Debug|x64.ActiveCfg = Debug|x64
		{573665CD-12DA-4A64-BA14-23E2D50FBE15}.Debug|x64.Build.0 = Debug|x64
		{573665CD-12DA-4A64-BA14-23E2D50FBE15}.Debug|x86.ActiveCfg = Debug|Win32
		{573665CD-12DA-4A64-BA14-23E2D50FBE15}.Debug|x86.Build.0 = Debug|Win32
		{573665CD-12DA-4A64-BA14-23E2D50FBE15}.Release|x64.ActiveCfg = Release|x64
		{573665CD-12DA-4A64-BA14-23E2D50FBE15}.Release|x64.Build.0 = Release|x64
		{573665CD-12DA-4A64-BA14-23E2D50FBE15}.Release|x86.ActiveCfg = Release|Win32
		{573665CD-12DA-4A64-BA14-23E2D50FBE15}.Release|x86.Build.0 = Release|Win32
		{061525D2-F2B6-4BB9-A5E2-B44CD1B3A5C6}.Debug|x64.ActiveCfg = Debug|x64
		{061525D2-F2B6-4BB9-A5E2-B44CD1B3A5C6}.Debug|x64.Build.0 = Debug|x64
		{061525D2-F2B6-4BB9-A5E2-B44CD1B3A5C6}.Debug|x86.ActiveCfg = Debug|Win32
		{061525D2-F2B6-4BB9-A5E2-B44CD1B3A5C6}.Debug|x86.Build.0 = Debug|Win32
		{061525D2-F2B6-4BB9-A5E2-B44CD1B3A5C6}.Release|x64.ActiveCfg = Release|x64
		{061525D2-F2B6-4BB9-A5E2-B44CD1B3A5C6}.Release|x64.Build.0 = Release|x64
		{061525D2-F2B6-4BB9-A5E2-B44CD1B3A5C6}.Release|x86.ActiveCfg = Release|Win32
		{061525D2-F2B6-4BB9-A5E2-B44CD1B3A5C6}.Release|x86.Build.0 = Release|Win32
	EndGlobalSection
	GlobalSection(SolutionProperties) = preSolution
		HideSolutionNode = FALSE
	EndGlobalSection
	GlobalSection(ExtensibilityGlobals) = postSolution
		SolutionGuid = {530C5365-8B1F-474D-96E6-3D9AB174EC9B}
	EndGlobalSection
EndGlobal
